// !$*UTF8*$!
{
	archiveVersion = 1;
	classes = {
	};
	objectVersion = 50;
	objects = {

/* Begin PBXBuildFile section */
		260FCE8724CEA82E00E9D2EA /* DrawingView.swift in Sources */ = {isa = PBXBuildFile; fileRef = 260FCE8624CEA82E00E9D2EA /* DrawingView.swift */; };
		26A0836124C57D7B0003712A /* AppDelegate.swift in Sources */ = {isa = PBXBuildFile; fileRef = 26A0836024C57D7B0003712A /* AppDelegate.swift */; };
		26A0836324C57D7B0003712A /* SceneDelegate.swift in Sources */ = {isa = PBXBuildFile; fileRef = 26A0836224C57D7B0003712A /* SceneDelegate.swift */; };
		26A0836524C57D7B0003712A /* ViewController.swift in Sources */ = {isa = PBXBuildFile; fileRef = 26A0836424C57D7B0003712A /* ViewController.swift */; };
		26A0836824C57D7B0003712A /* Main.storyboard in Resources */ = {isa = PBXBuildFile; fileRef = 26A0836624C57D7B0003712A /* Main.storyboard */; };
		26A0836A24C57D7E0003712A /* Assets.xcassets in Resources */ = {isa = PBXBuildFile; fileRef = 26A0836924C57D7E0003712A /* Assets.xcassets */; };
		26A0836D24C57D7E0003712A /* LaunchScreen.storyboard in Resources */ = {isa = PBXBuildFile; fileRef = 26A0836B24C57D7E0003712A /* LaunchScreen.storyboard */; };
		26A0837624C586890003712A /* Messure.swift in Sources */ = {isa = PBXBuildFile; fileRef = 26A0837424C586890003712A /* Messure.swift */; };
		26A0837724C586890003712A /* VideoCapture.swift in Sources */ = {isa = PBXBuildFile; fileRef = 26A0837524C586890003712A /* VideoCapture.swift */; };
		26C55B5924D2D8E700A2A40E /* README.md in Resources */ = {isa = PBXBuildFile; fileRef = 26C55B5824D2D8E700A2A40E /* README.md */; };
/* End PBXBuildFile section */

/* Begin PBXFileReference section */
		260FCE8624CEA82E00E9D2EA /* DrawingView.swift */ = {isa = PBXFileReference; lastKnownFileType = sourcecode.swift; path = DrawingView.swift; sourceTree = "<group>"; };
		26A0835D24C57D7B0003712A /* TextDetectionTesting.app */ = {isa = PBXFileReference; explicitFileType = wrapper.application; includeInIndex = 0; path = TextDetectionTesting.app; sourceTree = BUILT_PRODUCTS_DIR; };
		26A0836024C57D7B0003712A /* AppDelegate.swift */ = {isa = PBXFileReference; lastKnownFileType = sourcecode.swift; path = AppDelegate.swift; sourceTree = "<group>"; };
		26A0836224C57D7B0003712A /* SceneDelegate.swift */ = {isa = PBXFileReference; lastKnownFileType = sourcecode.swift; path = SceneDelegate.swift; sourceTree = "<group>"; };
		26A0836424C57D7B0003712A /* ViewController.swift */ = {isa = PBXFileReference; lastKnownFileType = sourcecode.swift; path = ViewController.swift; sourceTree = "<group>"; };
		26A0836724C57D7B0003712A /* Base */ = {isa = PBXFileReference; lastKnownFileType = file.storyboard; name = Base; path = Base.lproj/Main.storyboard; sourceTree = "<group>"; };
		26A0836924C57D7E0003712A /* Assets.xcassets */ = {isa = PBXFileReference; lastKnownFileType = folder.assetcatalog; path = Assets.xcassets; sourceTree = "<group>"; };
		26A0836C24C57D7E0003712A /* Base */ = {isa = PBXFileReference; lastKnownFileType = file.storyboard; name = Base; path = Base.lproj/LaunchScreen.storyboard; sourceTree = "<group>"; };
		26A0836E24C57D7E0003712A /* Info.plist */ = {isa = PBXFileReference; lastKnownFileType = text.plist.xml; path = Info.plist; sourceTree = "<group>"; };
		26A0837424C586890003712A /* Messure.swift */ = {isa = PBXFileReference; fileEncoding = 4; lastKnownFileType = sourcecode.swift; path = Messure.swift; sourceTree = "<group>"; };
		26A0837524C586890003712A /* VideoCapture.swift */ = {isa = PBXFileReference; fileEncoding = 4; lastKnownFileType = sourcecode.swift; path = VideoCapture.swift; sourceTree = "<group>"; };
		26C55B5824D2D8E700A2A40E /* README.md */ = {isa = PBXFileReference; fileEncoding = 4; lastKnownFileType = net.daringfireball.markdown; path = README.md; sourceTree = "<group>"; };
/* End PBXFileReference section */

/* Begin PBXFrameworksBuildPhase section */
		26A0835A24C57D7B0003712A /* Frameworks */ = {
			isa = PBXFrameworksBuildPhase;
			buildActionMask = 2147483647;
			files = (
			);
			runOnlyForDeploymentPostprocessing = 0;
		};
/* End PBXFrameworksBuildPhase section */

/* Begin PBXGroup section */
		26A0835424C57D7B0003712A = {
			isa = PBXGroup;
			children = (
				26A0835F24C57D7B0003712A /* TextDetectionTesting */,
				26A0835E24C57D7B0003712A /* Products */,
			);
			sourceTree = "<group>";
		};
		26A0835E24C57D7B0003712A /* Products */ = {
			isa = PBXGroup;
			children = (
				26A0835D24C57D7B0003712A /* TextDetectionTesting.app */,
			);
			name = Products;
			sourceTree = "<group>";
		};
		26A0835F24C57D7B0003712A /* TextDetectionTesting */ = {
			isa = PBXGroup;
			children = (
				26C55B5824D2D8E700A2A40E /* README.md */,
				26A0836024C57D7B0003712A /* AppDelegate.swift */,
				26A0836224C57D7B0003712A /* SceneDelegate.swift */,
				26A0836424C57D7B0003712A /* ViewController.swift */,
				260FCE8624CEA82E00E9D2EA /* DrawingView.swift */,
				26A0836624C57D7B0003712A /* Main.storyboard */,
				26A0837824C5869A0003712A /* Utils */,
				26A0836924C57D7E0003712A /* Assets.xcassets */,
				26A0836B24C57D7E0003712A /* LaunchScreen.storyboard */,
				26A0836E24C57D7E0003712A /* Info.plist */,
			);
			path = TextDetectionTesting;
			sourceTree = "<group>";
		};
		26A0837824C5869A0003712A /* Utils */ = {
			isa = PBXGroup;
			children = (
				26A0837424C586890003712A /* Messure.swift */,
				26A0837524C586890003712A /* VideoCapture.swift */,
			);
			path = Utils;
			sourceTree = "<group>";
		};
/* End PBXGroup section */

/* Begin PBXNativeTarget section */
		26A0835C24C57D7B0003712A /* TextDetectionTesting */ = {
			isa = PBXNativeTarget;
			buildConfigurationList = 26A0837124C57D7E0003712A /* Build configuration list for PBXNativeTarget "TextDetectionTesting" */;
			buildPhases = (
				26A0835924C57D7B0003712A /* Sources */,
				26A0835A24C57D7B0003712A /* Frameworks */,
				26A0835B24C57D7B0003712A /* Resources */,
			);
			buildRules = (
			);
			dependencies = (
			);
			name = TextDetectionTesting;
			productName = TextDetectionTesting;
			productReference = 26A0835D24C57D7B0003712A /* TextDetectionTesting.app */;
			productType = "com.apple.product-type.application";
		};
/* End PBXNativeTarget section */

/* Begin PBXProject section */
		26A0835524C57D7B0003712A /* Project object */ = {
			isa = PBXProject;
			attributes = {
				LastSwiftUpdateCheck = 1160;
				LastUpgradeCheck = 1160;
				ORGANIZATIONNAME = Theseus;
				TargetAttributes = {
					26A0835C24C57D7B0003712A = {
						CreatedOnToolsVersion = 11.6;
					};
				};
			};
			buildConfigurationList = 26A0835824C57D7B0003712A /* Build configuration list for PBXProject "TextDetectionTesting" */;
			compatibilityVersion = "Xcode 9.3";
			developmentRegion = en;
			hasScannedForEncodings = 0;
			knownRegions = (
				en,
				Base,
			);
			mainGroup = 26A0835424C57D7B0003712A;
			productRefGroup = 26A0835E24C57D7B0003712A /* Products */;
			projectDirPath = "";
			projectRoot = "";
			targets = (
				26A0835C24C57D7B0003712A /* TextDetectionTesting */,
			);
		};
/* End PBXProject section */

/* Begin PBXResourcesBuildPhase section */
		26A0835B24C57D7B0003712A /* Resources */ = {
			isa = PBXResourcesBuildPhase;
			buildActionMask = 2147483647;
			files = (
				26A0836D24C57D7E0003712A /* LaunchScreen.storyboard in Resources */,
				26A0836A24C57D7E0003712A /* Assets.xcassets in Resources */,
				26C55B5924D2D8E700A2A40E /* README.md in Resources */,
				26A0836824C57D7B0003712A /* Main.storyboard in Resources */,
			);
			runOnlyForDeploymentPostprocessing = 0;
		};
/* End PBXResourcesBuildPhase section */

/* Begin PBXSourcesBuildPhase section */
		26A0835924C57D7B0003712A /* Sources */ = {
			isa = PBXSourcesBuildPhase;
			buildActionMask = 2147483647;
			files = (
				260FCE8724CEA82E00E9D2EA /* DrawingView.swift in Sources */,
				26A0837624C586890003712A /* Messure.swift in Sources */,
				26A0837724C586890003712A /* VideoCapture.swift in Sources */,
				26A0836524C57D7B0003712A /* ViewController.swift in Sources */,
				26A0836124C57D7B0003712A /* AppDelegate.swift in Sources */,
				26A0836324C57D7B0003712A /* SceneDelegate.swift in Sources */,
			);
			runOnlyForDeploymentPostprocessing = 0;
		};
/* End PBXSourcesBuildPhase section */

/* Begin PBXVariantGroup section */
		26A0836624C57D7B0003712A /* Main.storyboard */ = {
			isa = PBXVariantGroup;
			children = (
				26A0836724C57D7B0003712A /* Base */,
			);
			name = Main.storyboard;
			sourceTree = "<group>";
		};
		26A0836B24C57D7E0003712A /* LaunchScreen.storyboard */ = {
			isa = PBXVariantGroup;
			children = (
				26A0836C24C57D7E0003712A /* Base */,
			);
			name = LaunchScreen.storyboard;
			sourceTree = "<group>";
		};
/* End PBXVariantGroup section */

/* Begin XCBuildConfiguration section */
		26A0836F24C57D7E0003712A /* Debug */ = {
			isa = XCBuildConfiguration;
			buildSettings = {
				ALWAYS_SEARCH_USER_PATHS = NO;
				CLANG_ANALYZER_NONNULL = YES;
				CLANG_ANALYZER_NUMBER_OBJECT_CONVERSION = YES_AGGRESSIVE;
				CLANG_CXX_LANGUAGE_STANDARD = "gnu++14";
				CLANG_CXX_LIBRARY = "libc++";
				CLANG_ENABLE_MODULES = YES;
				CLANG_ENABLE_OBJC_ARC = YES;
				CLANG_ENABLE_OBJC_WEAK = YES;
				CLANG_WARN_BLOCK_CAPTURE_AUTORELEASING = YES;
				CLANG_WARN_BOOL_CONVERSION = YES;
				CLANG_WARN_COMMA = YES;
				CLANG_WARN_CONSTANT_CONVERSION = YES;
				CLANG_WARN_DEPRECATED_OBJC_IMPLEMENTATIONS = YES;
				CLANG_WARN_DIRECT_OBJC_ISA_USAGE = YES_ERROR;
				CLANG_WARN_DOCUMENTATION_COMMENTS = YES;
				CLANG_WARN_EMPTY_BODY = YES;
				CLANG_WARN_ENUM_CONVERSION = YES;
				CLANG_WARN_INFINITE_RECURSION = YES;
				CLANG_WARN_INT_CONVERSION = YES;
				CLANG_WARN_NON_LITERAL_NULL_CONVERSION = YES;
				CLANG_WARN_OBJC_IMPLICIT_RETAIN_SELF = YES;
				CLANG_WARN_OBJC_LITERAL_CONVERSION = YES;
				CLANG_WARN_OBJC_ROOT_CLASS = YES_ERROR;
				CLANG_WARN_RANGE_LOOP_ANALYSIS = YES;
				CLANG_WARN_STRICT_PROTOTYPES = YES;
				CLANG_WARN_SUSPICIOUS_MOVE = YES;
				CLANG_WARN_UNGUARDED_AVAILABILITY = YES_AGGRESSIVE;
				CLANG_WARN_UNREACHABLE_CODE = YES;
				CLANG_WARN__DUPLICATE_METHOD_MATCH = YES;
				COPY_PHASE_STRIP = NO;
				DEBUG_INFORMATION_FORMAT = dwarf;
				ENABLE_STRICT_OBJC_MSGSEND = YES;
				ENABLE_TESTABILITY = YES;
				GCC_C_LANGUAGE_STANDARD = gnu11;
				GCC_DYNAMIC_NO_PIC = NO;
				GCC_NO_COMMON_BLOCKS = YES;
				GCC_OPTIMIZATION_LEVEL = 0;
				GCC_PREPROCESSOR_DEFINITIONS = (
					"DEBUG=1",
					"$(inherited)",
				);
				GCC_WARN_64_TO_32_BIT_CONVERSION = YES;
				GCC_WARN_ABOUT_RETURN_TYPE = YES_ERROR;
				GCC_WARN_UNDECLARED_SELECTOR = YES;
				GCC_WARN_UNINITIALIZED_AUTOS = YES_AGGRESSIVE;
				GCC_WARN_UNUSED_FUNCTION = YES;
				GCC_WARN_UNUSED_VARIABLE = YES;
				IPHONEOS_DEPLOYMENT_TARGET = 13.6;
				MTL_ENABLE_DEBUG_INFO = INCLUDE_SOURCE;
				MTL_FAST_MATH = YES;
				ONLY_ACTIVE_ARCH = YES;
				SDKROOT = iphoneos;
				SWIFT_ACTIVE_COMPILATION_CONDITIONS = DEBUG;
				SWIFT_OPTIMIZATION_LEVEL = "-Onone";
			};
			name = Debug;
		};
		26A0837024C57D7E0003712A /* Release */ = {
			isa = XCBuildConfiguration;
			buildSettings = {
				ALWAYS_SEARCH_USER_PATHS = NO;
				CLANG_ANALYZER_NONNULL = YES;
				CLANG_ANALYZER_NUMBER_OBJECT_CONVERSION = YES_AGGRESSIVE;
				CLANG_CXX_LANGUAGE_STANDARD = "gnu++14";
				CLANG_CXX_LIBRARY = "libc++";
				CLANG_ENABLE_MODULES = YES;
				CLANG_ENABLE_OBJC_ARC = YES;
				CLANG_ENABLE_OBJC_WEAK = YES;
				CLANG_WARN_BLOCK_CAPTURE_AUTORELEASING = YES;
				CLANG_WARN_BOOL_CONVERSION = YES;
				CLANG_WARN_COMMA = YES;
				CLANG_WARN_CONSTANT_CONVERSION = YES;
				CLANG_WARN_DEPRECATED_OBJC_IMPLEMENTATIONS = YES;
				CLANG_WARN_DIRECT_OBJC_ISA_USAGE = YES_ERROR;
				CLANG_WARN_DOCUMENTATION_COMMENTS = YES;
				CLANG_WARN_EMPTY_BODY = YES;
				CLANG_WARN_ENUM_CONVERSION = YES;
				CLANG_WARN_INFINITE_RECURSION = YES;
				CLANG_WARN_INT_CONVERSION = YES;
				CLANG_WARN_NON_LITERAL_NULL_CONVERSION = YES;
				CLANG_WARN_OBJC_IMPLICIT_RETAIN_SELF = YES;
				CLANG_WARN_OBJC_LITERAL_CONVERSION = YES;
				CLANG_WARN_OBJC_ROOT_CLASS = YES_ERROR;
				CLANG_WARN_RANGE_LOOP_ANALYSIS = YES;
				CLANG_WARN_STRICT_PROTOTYPES = YES;
				CLANG_WARN_SUSPICIOUS_MOVE = YES;
				CLANG_WARN_UNGUARDED_AVAILABILITY = YES_AGGRESSIVE;
				CLANG_WARN_UNREACHABLE_CODE = YES;
				CLANG_WARN__DUPLICATE_METHOD_MATCH = YES;
				COPY_PHASE_STRIP = NO;
				DEBUG_INFORMATION_FORMAT = "dwarf-with-dsym";
				ENABLE_NS_ASSERTIONS = NO;
				ENABLE_STRICT_OBJC_MSGSEND = YES;
				GCC_C_LANGUAGE_STANDARD = gnu11;
				GCC_NO_COMMON_BLOCKS = YES;
				GCC_WARN_64_TO_32_BIT_CONVERSION = YES;
				GCC_WARN_ABOUT_RETURN_TYPE = YES_ERROR;
				GCC_WARN_UNDECLARED_SELECTOR = YES;
				GCC_WARN_UNINITIALIZED_AUTOS = YES_AGGRESSIVE;
				GCC_WARN_UNUSED_FUNCTION = YES;
				GCC_WARN_UNUSED_VARIABLE = YES;
				IPHONEOS_DEPLOYMENT_TARGET = 13.6;
				MTL_ENABLE_DEBUG_INFO = NO;
				MTL_FAST_MATH = YES;
				SDKROOT = iphoneos;
				SWIFT_COMPILATION_MODE = wholemodule;
				SWIFT_OPTIMIZATION_LEVEL = "-O";
				VALIDATE_PRODUCT = YES;
			};
			name = Release;
		};
		26A0837224C57D7E0003712A /* Debug */ = {
			isa = XCBuildConfiguration;
			buildSettings = {
				ASSETCATALOG_COMPILER_APPICON_NAME = AppIcon;
				CODE_SIGN_STYLE = Automatic;
				DEVELOPMENT_TEAM = FDS3V4R7G8;
				INFOPLIST_FILE = TextDetectionTesting/Info.plist;
				IPHONEOS_DEPLOYMENT_TARGET = 13.5;
				LD_RUNPATH_SEARCH_PATHS = (
					"$(inherited)",
					"@executable_path/Frameworks",
				);
				PRODUCT_BUNDLE_IDENTIFIER = com.cc29.TextDetectionTesting;
				PRODUCT_NAME = "$(TARGET_NAME)";
				SWIFT_VERSION = 5.0;
				TARGETED_DEVICE_FAMILY = "1,2";
			};
			name = Debug;
		};
		26A0837324C57D7E0003712A /* Release */ = {
			isa = XCBuildConfiguration;
			buildSettings = {
				ASSETCATALOG_COMPILER_APPICON_NAME = AppIcon;
				CODE_SIGN_STYLE = Automatic;
				DEVELOPMENT_TEAM = FDS3V4R7G8;
				INFOPLIST_FILE = TextDetectionTesting/Info.plist;
				IPHONEOS_DEPLOYMENT_TARGET = 13.5;
				LD_RUNPATH_SEARCH_PATHS = (
					"$(inherited)",
					"@executable_path/Frameworks",
				);
				PRODUCT_BUNDLE_IDENTIFIER = com.cc29.TextDetectionTesting;
				PRODUCT_NAME = "$(TARGET_NAME)";
				SWIFT_VERSION = 5.0;
				TARGETED_DEVICE_FAMILY = "1,2";
			};
			name = Release;
		};
/* End XCBuildConfiguration section */

/* Begin XCConfigurationList section */
		26A0835824C57D7B0003712A /* Build configuration list for PBXProject "TextDetectionTesting" */ = {
			isa = XCConfigurationList;
			buildConfigurations = (
				26A0836F24C57D7E0003712A /* Debug */,
				26A0837024C57D7E0003712A /* Release */,
			);
			defaultConfigurationIsVisible = 0;
			defaultConfigurationName = Release;
		};
		26A0837124C57D7E0003712A /* Build configuration list for PBXNativeTarget "TextDetectionTesting" */ = {
			isa = XCConfigurationList;
			buildConfigurations = (
				26A0837224C57D7E0003712A /* Debug */,
				26A0837324C57D7E0003712A /* Release */,
			);
			defaultConfigurationIsVisible = 0;
			defaultConfigurationName = Release;
		};
/* End XCConfigurationList section */
	};
	rootObject = 26A0835524C57D7B0003712A /* Project object */;
}
